
Microsoft Visual Studio Solution File, Format Version 12.00
# Visual Studio Version 17
VisualStudioVersion = 17.6.33829.357
MinimumVisualStudioVersion = 10.0.40219.1
Project("{9A19103F-16F7-4668-BE54-9A1E7A4F7556}") = "BlobStorageExample", "BlobStorageExample\BlobStorageExample.csproj", "{4667A501-99EE-4ECD-988A-E19DB1F91BED}"
EndProject
Project("{FAE04EC0-301F-11D3-BF4B-00C04F79EFBC}") = "BlobStorageExampleTest", "BlobStorageExampleTest\BlobStorageExampleTest.csproj", "{ACE820F1-F2D1-4750-B861-3EB518407DD3}"
EndProject
Global
	GlobalSection(SolutionConfigurationPlatforms) = preSolution
		Debug|Any CPU = Debug|Any CPU
		Release|Any CPU = Release|Any CPU
	EndGlobalSection
	GlobalSection(ProjectConfigurationPlatforms) = postSolution
		{4667A501-99EE-4ECD-988A-E19DB1F91BED}.Debug|Any CPU.ActiveCfg = Debug|Any CPU
		{4667A501-99EE-4ECD-988A-E19DB1F91BED}.Debug|Any CPU.Build.0 = Debug|Any CPU
		{4667A501-99EE-4ECD-988A-E19DB1F91BED}.Release|Any CPU.ActiveCfg = Release|Any CPU
		{4667A501-99EE-4ECD-988A-E19DB1F91BED}.Release|Any CPU.Build.0 = Release|Any CPU
		{ACE820F1-F2D1-4750-B861-3EB518407DD3}.Debug|Any CPU.ActiveCfg = Debug|Any CPU
		{ACE820F1-F2D1-4750-B861-3EB518407DD3}.Debug|Any CPU.Build.0 = Debug|Any CPU
		{ACE820F1-F2D1-4750-B861-3EB518407DD3}.Release|Any CPU.ActiveCfg = Release|Any CPU
		{ACE820F1-F2D1-4750-B861-3EB518407DD3}.Release|Any CPU.Build.0 = Release|Any CPU
	EndGlobalSection
	GlobalSection(SolutionProperties) = preSolution
		HideSolutionNode = FALSE
	EndGlobalSection
	GlobalSection(ExtensibilityGlobals) = postSolution
		SolutionGuid = {EB647777-ACA4-48EE-B4A9-4CD419A1FCFD}
	EndGlobalSection
EndGlobal
